
Microsoft Visual Studio Solution File, Format Version 12.00
# Visual Studio Version 16
VisualStudioVersion = 16.0.30011.22
MinimumVisualStudioVersion = 10.0.40219.1
Project("{9A19103F-16F7-4668-BE54-9A1E7A4F7556}") = "MediKeeper.Domain", "MediKeeper.Domain\MediKeeper.Domain.csproj", "{0396CDD5-B8C7-449E-BB89-96C80749624B}"
EndProject
Project("{9A19103F-16F7-4668-BE54-9A1E7A4F7556}") = "MediKeeper.Application", "MediKeeper.Application\MediKeeper.Application.csproj", "{FE9754E3-A96B-49DA-BDF2-7A938D164487}"
EndProject
Project("{9A19103F-16F7-4668-BE54-9A1E7A4F7556}") = "MediKeeper.API", "MediKeeper.API\MediKeeper.API.csproj", "{513BF753-0EBC-4E24-A5FF-04D7F035FAE9}"
EndProject
Project("{9A19103F-16F7-4668-BE54-9A1E7A4F7556}") = "MediKeeper.Persistence", "MediKeeper.Persistence\MediKeeper.Persistence.csproj", "{E3C93C5F-9476-435F-BFDE-1C5D4D5CB4C4}"
EndProject
Project("{2150E333-8FDC-42A3-9474-1A3956D46DE8}") = "Tests", "Tests", "{DD26E46D-90B2-4E34-BBE5-ABCD81647DBD}"
EndProject
Project("{9A19103F-16F7-4668-BE54-9A1E7A4F7556}") = "MediKeeper.Test.UnitTest", "MediKeeper.Test.UnitTest\MediKeeper.Test.UnitTest\MediKeeper.Test.UnitTest.csproj", "{866B4D5F-F4CD-4926-B49F-C081E012068A}"
EndProject
Global
	GlobalSection(SolutionConfigurationPlatforms) = preSolution
		Debug|Any CPU = Debug|Any CPU
		Release|Any CPU = Release|Any CPU
	EndGlobalSection
	GlobalSection(ProjectConfigurationPlatforms) = postSolution
		{0396CDD5-B8C7-449E-BB89-96C80749624B}.Debug|Any CPU.ActiveCfg = Debug|Any CPU
		{0396CDD5-B8C7-449E-BB89-96C80749624B}.Debug|Any CPU.Build.0 = Debug|Any CPU
		{0396CDD5-B8C7-449E-BB89-96C80749624B}.Release|Any CPU.ActiveCfg = Release|Any CPU
		{0396CDD5-B8C7-449E-BB89-96C80749624B}.Release|Any CPU.Build.0 = Release|Any CPU
		{FE9754E3-A96B-49DA-BDF2-7A938D164487}.Debug|Any CPU.ActiveCfg = Debug|Any CPU
		{FE9754E3-A96B-49DA-BDF2-7A938D164487}.Debug|Any CPU.Build.0 = Debug|Any CPU
		{FE9754E3-A96B-49DA-BDF2-7A938D164487}.Release|Any CPU.ActiveCfg = Release|Any CPU
		{FE9754E3-A96B-49DA-BDF2-7A938D164487}.Release|Any CPU.Build.0 = Release|Any CPU
		{513BF753-0EBC-4E24-A5FF-04D7F035FAE9}.Debug|Any CPU.ActiveCfg = Debug|Any CPU
		{513BF753-0EBC-4E24-A5FF-04D7F035FAE9}.Debug|Any CPU.Build.0 = Debug|Any CPU
		{513BF753-0EBC-4E24-A5FF-04D7F035FAE9}.Release|Any CPU.ActiveCfg = Release|Any CPU
		{513BF753-0EBC-4E24-A5FF-04D7F035FAE9}.Release|Any CPU.Build.0 = Release|Any CPU
		{E3C93C5F-9476-435F-BFDE-1C5D4D5CB4C4}.Debug|Any CPU.ActiveCfg = Debug|Any CPU
		{E3C93C5F-9476-435F-BFDE-1C5D4D5CB4C4}.Debug|Any CPU.Build.0 = Debug|Any CPU
		{E3C93C5F-9476-435F-BFDE-1C5D4D5CB4C4}.Release|Any CPU.ActiveCfg = Release|Any CPU
		{E3C93C5F-9476-435F-BFDE-1C5D4D5CB4C4}.Release|Any CPU.Build.0 = Release|Any CPU
		{866B4D5F-F4CD-4926-B49F-C081E012068A}.Debug|Any CPU.ActiveCfg = Debug|Any CPU
		{866B4D5F-F4CD-4926-B49F-C081E012068A}.Debug|Any CPU.Build.0 = Debug|Any CPU
		{866B4D5F-F4CD-4926-B49F-C081E012068A}.Release|Any CPU.ActiveCfg = Release|Any CPU
		{866B4D5F-F4CD-4926-B49F-C081E012068A}.Release|Any CPU.Build.0 = Release|Any CPU
	EndGlobalSection
	GlobalSection(SolutionProperties) = preSolution
		HideSolutionNode = FALSE
	EndGlobalSection
	GlobalSection(NestedProjects) = preSolution
		{866B4D5F-F4CD-4926-B49F-C081E012068A} = {DD26E46D-90B2-4E34-BBE5-ABCD81647DBD}
	EndGlobalSection
	GlobalSection(ExtensibilityGlobals) = postSolution
		SolutionGuid = {5BC1475F-14B0-440A-9737-E286262E801C}
	EndGlobalSection
EndGlobal
